
Microsoft Visual Studio Solution File, Format Version 12.00
# Visual Studio Version 17
VisualStudioVersion = 17.0.31903.59
MinimumVisualStudioVersion = 10.0.40219.1
Project("{2150E333-8FDC-42A3-9474-1A3956D46DE8}") = "src", "src", "{827E0CD3-B72D-47B6-A68D-7590B98EB39B}"
EndProject
Project("{FAE04EC0-301F-11D3-BF4B-00C04F79EFBC}") = "TXC.RCS.Domain.Shared", "src\TXC.RCS.Domain.Shared\TXC.RCS.Domain.Shared.csproj", "{4BC4A37D-A8F3-4179-8DEF-F25E4B08E15F}"
EndProject
Project("{FAE04EC0-301F-11D3-BF4B-00C04F79EFBC}") = "TXC.RCS.Domain", "src\TXC.RCS.Domain\TXC.RCS.Domain.csproj", "{8FB15B7A-1BCB-4DE2-BF55-9B78C48F9CA9}"
EndProject
Project("{FAE04EC0-301F-11D3-BF4B-00C04F79EFBC}") = "TXC.RCS.Application.Contracts", "src\TXC.RCS.Application.Contracts\TXC.RCS.Application.Contracts.csproj", "{1FB33699-97AA-4F16-B682-2CB635AB03AC}"
EndProject
Project("{FAE04EC0-301F-11D3-BF4B-00C04F79EFBC}") = "TXC.RCS.Application", "src\TXC.RCS.Application\TXC.RCS.Application.csproj", "{D9324815-FF4D-4A72-9EE3-29C13C206E31}"
EndProject
Project("{FAE04EC0-301F-11D3-BF4B-00C04F79EFBC}") = "TXC.RCS.EntityFrameworkCore", "src\TXC.RCS.EntityFrameworkCore\TXC.RCS.EntityFrameworkCore.csproj", "{1D632FE3-00D5-4C0A-8729-702A6D270EE9}"
EndProject
Project("{FAE04EC0-301F-11D3-BF4B-00C04F79EFBC}") = "TXC.RCS.HttpApi", "src\TXC.RCS.HttpApi\TXC.RCS.HttpApi.csproj", "{71DE4B8F-1164-4077-8AA8-FD1CA756D14C}"
EndProject
Project("{FAE04EC0-301F-11D3-BF4B-00C04F79EFBC}") = "TXC.RCS.HttpApi.Client", "src\TXC.RCS.HttpApi.Client\TXC.RCS.HttpApi.Client.csproj", "{1BB077EF-5A80-4E7F-9340-614E9B3DDC6D}"
EndProject
Project("{FAE04EC0-301F-11D3-BF4B-00C04F79EFBC}") = "TXC.RCS.HttpApi.Host", "src\TXC.RCS.HttpApi.Host\TXC.RCS.HttpApi.Host.csproj", "{47AD1A5D-95AB-47B9-A709-573AD18095F1}"
EndProject
Project("{FAE04EC0-301F-11D3-BF4B-00C04F79EFBC}") = "TXC.RCS.DbMigrator", "src\TXC.RCS.DbMigrator\TXC.RCS.DbMigrator.csproj", "{B6F98929-00B8-4985-86AA-3A45E342C7BC}"
EndProject
Project("{2150E333-8FDC-42A3-9474-1A3956D46DE8}") = "test", "test", "{0C88DD14-F956-CE84-757C-A364CCF449FC}"
EndProject
Project("{FAE04EC0-301F-11D3-BF4B-00C04F79EFBC}") = "TXC.RCS.TestBase", "test\TXC.RCS.TestBase\TXC.RCS.TestBase.csproj", "{F9EAA36B-1A5E-459D-9DC8-8937886695DB}"
EndProject
Project("{FAE04EC0-301F-11D3-BF4B-00C04F79EFBC}") = "TXC.RCS.Domain.Tests", "test\TXC.RCS.Domain.Tests\TXC.RCS.Domain.Tests.csproj", "{A3411DEB-692B-4416-BBFE-9D4F7DC080E1}"
EndProject
Project("{FAE04EC0-301F-11D3-BF4B-00C04F79EFBC}") = "TXC.RCS.Application.Tests", "test\TXC.RCS.Application.Tests\TXC.RCS.Application.Tests.csproj", "{B7982FF8-6019-4016-95C3-16992FA6F4CB}"
EndProject
Project("{FAE04EC0-301F-11D3-BF4B-00C04F79EFBC}") = "TXC.RCS.EntityFrameworkCore.Tests", "test\TXC.RCS.EntityFrameworkCore.Tests\TXC.RCS.EntityFrameworkCore.Tests.csproj", "{037AF867-4885-42FD-A98A-7EC62444C510}"
EndProject
Project("{FAE04EC0-301F-11D3-BF4B-00C04F79EFBC}") = "TXC.RCS.HttpApi.Client.ConsoleTestApp", "test\TXC.RCS.HttpApi.Client.ConsoleTestApp\TXC.RCS.HttpApi.Client.ConsoleTestApp.csproj", "{8ACAD48E-CF2B-404C-B6D9-6BF925E2F3AC}"
EndProject
Global
	GlobalSection(SolutionConfigurationPlatforms) = preSolution
		Debug|Any CPU = Debug|Any CPU
		Debug|x64 = Debug|x64
		Debug|x86 = Debug|x86
		Release|Any CPU = Release|Any CPU
		Release|x64 = Release|x64
		Release|x86 = Release|x86
	EndGlobalSection
	GlobalSection(ProjectConfigurationPlatforms) = postSolution
		{4BC4A37D-A8F3-4179-8DEF-F25E4B08E15F}.Debug|Any CPU.ActiveCfg = Debug|Any CPU
		{4BC4A37D-A8F3-4179-8DEF-F25E4B08E15F}.Debug|Any CPU.Build.0 = Debug|Any CPU
		{4BC4A37D-A8F3-4179-8DEF-F25E4B08E15F}.Debug|x64.ActiveCfg = Debug|Any CPU
		{4BC4A37D-A8F3-4179-8DEF-F25E4B08E15F}.Debug|x64.Build.0 = Debug|Any CPU
		{4BC4A37D-A8F3-4179-8DEF-F25E4B08E15F}.Debug|x86.ActiveCfg = Debug|Any CPU
		{4BC4A37D-A8F3-4179-8DEF-F25E4B08E15F}.Debug|x86.Build.0 = Debug|Any CPU
		{4BC4A37D-A8F3-4179-8DEF-F25E4B08E15F}.Release|Any CPU.ActiveCfg = Release|Any CPU
		{4BC4A37D-A8F3-4179-8DEF-F25E4B08E15F}.Release|Any CPU.Build.0 = Release|Any CPU
		{4BC4A37D-A8F3-4179-8DEF-F25E4B08E15F}.Release|x64.ActiveCfg = Release|Any CPU
		{4BC4A37D-A8F3-4179-8DEF-F25E4B08E15F}.Release|x64.Build.0 = Release|Any CPU
		{4BC4A37D-A8F3-4179-8DEF-F25E4B08E15F}.Release|x86.ActiveCfg = Release|Any CPU
		{4BC4A37D-A8F3-4179-8DEF-F25E4B08E15F}.Release|x86.Build.0 = Release|Any CPU
		{8FB15B7A-1BCB-4DE2-BF55-9B78C48F9CA9}.Debug|Any CPU.ActiveCfg = Debug|Any CPU
		{8FB15B7A-1BCB-4DE2-BF55-9B78C48F9CA9}.Debug|Any CPU.Build.0 = Debug|Any CPU
		{8FB15B7A-1BCB-4DE2-BF55-9B78C48F9CA9}.Debug|x64.ActiveCfg = Debug|Any CPU
		{8FB15B7A-1BCB-4DE2-BF55-9B78C48F9CA9}.Debug|x64.Build.0 = Debug|Any CPU
		{8FB15B7A-1BCB-4DE2-BF55-9B78C48F9CA9}.Debug|x86.ActiveCfg = Debug|Any CPU
		{8FB15B7A-1BCB-4DE2-BF55-9B78C48F9CA9}.Debug|x86.Build.0 = Debug|Any CPU
		{8FB15B7A-1BCB-4DE2-BF55-9B78C48F9CA9}.Release|Any CPU.ActiveCfg = Release|Any CPU
		{8FB15B7A-1BCB-4DE2-BF55-9B78C48F9CA9}.Release|Any CPU.Build.0 = Release|Any CPU
		{8FB15B7A-1BCB-4DE2-BF55-9B78C48F9CA9}.Release|x64.ActiveCfg = Release|Any CPU
		{8FB15B7A-1BCB-4DE2-BF55-9B78C48F9CA9}.Release|x64.Build.0 = Release|Any CPU
		{8FB15B7A-1BCB-4DE2-BF55-9B78C48F9CA9}.Release|x86.ActiveCfg = Release|Any CPU
		{8FB15B7A-1BCB-4DE2-BF55-9B78C48F9CA9}.Release|x86.Build.0 = Release|Any CPU
		{1FB33699-97AA-4F16-B682-2CB635AB03AC}.Debug|Any CPU.ActiveCfg = Debug|Any CPU
		{1FB33699-97AA-4F16-B682-2CB635AB03AC}.Debug|Any CPU.Build.0 = Debug|Any CPU
		{1FB33699-97AA-4F16-B682-2CB635AB03AC}.Debug|x64.ActiveCfg = Debug|Any CPU
		{1FB33699-97AA-4F16-B682-2CB635AB03AC}.Debug|x64.Build.0 = Debug|Any CPU
		{1FB33699-97AA-4F16-B682-2CB635AB03AC}.Debug|x86.ActiveCfg = Debug|Any CPU
		{1FB33699-97AA-4F16-B682-2CB635AB03AC}.Debug|x86.Build.0 = Debug|Any CPU
		{1FB33699-97AA-4F16-B682-2CB635AB03AC}.Release|Any CPU.ActiveCfg = Release|Any CPU
		{1FB33699-97AA-4F16-B682-2CB635AB03AC}.Release|Any CPU.Build.0 = Release|Any CPU
		{1FB33699-97AA-4F16-B682-2CB635AB03AC}.Release|x64.ActiveCfg = Release|Any CPU
		{1FB33699-97AA-4F16-B682-2CB635AB03AC}.Release|x64.Build.0 = Release|Any CPU
		{1FB33699-97AA-4F16-B682-2CB635AB03AC}.Release|x86.ActiveCfg = Release|Any CPU
		{1FB33699-97AA-4F16-B682-2CB635AB03AC}.Release|x86.Build.0 = Release|Any CPU
		{D9324815-FF4D-4A72-9EE3-29C13C206E31}.Debug|Any CPU.ActiveCfg = Debug|Any CPU
		{D9324815-FF4D-4A72-9EE3-29C13C206E31}.Debug|Any CPU.Build.0 = Debug|Any CPU
		{D9324815-FF4D-4A72-9EE3-29C13C206E31}.Debug|x64.ActiveCfg = Debug|Any CPU
		{D9324815-FF4D-4A72-9EE3-29C13C206E31}.Debug|x64.Build.0 = Debug|Any CPU
		{D9324815-FF4D-4A72-9EE3-29C13C206E31}.Debug|x86.ActiveCfg = Debug|Any CPU
		{D9324815-FF4D-4A72-9EE3-29C13C206E31}.Debug|x86.Build.0 = Debug|Any CPU
		{D9324815-FF4D-4A72-9EE3-29C13C206E31}.Release|Any CPU.ActiveCfg = Release|Any CPU
		{D9324815-FF4D-4A72-9EE3-29C13C206E31}.Release|Any CPU.Build.0 = Release|Any CPU
		{D9324815-FF4D-4A72-9EE3-29C13C206E31}.Release|x64.ActiveCfg = Release|Any CPU
		{D9324815-FF4D-4A72-9EE3-29C13C206E31}.Release|x64.Build.0 = Release|Any CPU
		{D9324815-FF4D-4A72-9EE3-29C13C206E31}.Release|x86.ActiveCfg = Release|Any CPU
		{D9324815-FF4D-4A72-9EE3-29C13C206E31}.Release|x86.Build.0 = Release|Any CPU
		{1D632FE3-00D5-4C0A-8729-702A6D270EE9}.Debug|Any CPU.ActiveCfg = Debug|Any CPU
		{1D632FE3-00D5-4C0A-8729-702A6D270EE9}.Debug|Any CPU.Build.0 = Debug|Any CPU
		{1D632FE3-00D5-4C0A-8729-702A6D270EE9}.Debug|x64.ActiveCfg = Debug|Any CPU
		{1D632FE3-00D5-4C0A-8729-702A6D270EE9}.Debug|x64.Build.0 = Debug|Any CPU
		{1D632FE3-00D5-4C0A-8729-702A6D270EE9}.Debug|x86.ActiveCfg = Debug|Any CPU
		{1D632FE3-00D5-4C0A-8729-702A6D270EE9}.Debug|x86.Build.0 = Debug|Any CPU
		{1D632FE3-00D5-4C0A-8729-702A6D270EE9}.Release|Any CPU.ActiveCfg = Release|Any CPU
		{1D632FE3-00D5-4C0A-8729-702A6D270EE9}.Release|Any CPU.Build.0 = Release|Any CPU
		{1D632FE3-00D5-4C0A-8729-702A6D270EE9}.Release|x64.ActiveCfg = Release|Any CPU
		{1D632FE3-00D5-4C0A-8729-702A6D270EE9}.Release|x64.Build.0 = Release|Any CPU
		{1D632FE3-00D5-4C0A-8729-702A6D270EE9}.Release|x86.ActiveCfg = Release|Any CPU
		{1D632FE3-00D5-4C0A-8729-702A6D270EE9}.Release|x86.Build.0 = Release|Any CPU
		{71DE4B8F-1164-4077-8AA8-FD1CA756D14C}.Debug|Any CPU.ActiveCfg = Debug|Any CPU
		{71DE4B8F-1164-4077-8AA8-FD1CA756D14C}.Debug|Any CPU.Build.0 = Debug|Any CPU
		{71DE4B8F-1164-4077-8AA8-FD1CA756D14C}.Debug|x64.ActiveCfg = Debug|Any CPU
		{71DE4B8F-1164-4077-8AA8-FD1CA756D14C}.Debug|x64.Build.0 = Debug|Any CPU
		{71DE4B8F-1164-4077-8AA8-FD1CA756D14C}.Debug|x86.ActiveCfg = Debug|Any CPU
		{71DE4B8F-1164-4077-8AA8-FD1CA756D14C}.Debug|x86.Build.0 = Debug|Any CPU
		{71DE4B8F-1164-4077-8AA8-FD1CA756D14C}.Release|Any CPU.ActiveCfg = Release|Any CPU
		{71DE4B8F-1164-4077-8AA8-FD1CA756D14C}.Release|Any CPU.Build.0 = Release|Any CPU
		{71DE4B8F-1164-4077-8AA8-FD1CA756D14C}.Release|x64.ActiveCfg = Release|Any CPU
		{71DE4B8F-1164-4077-8AA8-FD1CA756D14C}.Release|x64.Build.0 = Release|Any CPU
		{71DE4B8F-1164-4077-8AA8-FD1CA756D14C}.Release|x86.ActiveCfg = Release|Any CPU
		{71DE4B8F-1164-4077-8AA8-FD1CA756D14C}.Release|x86.Build.0 = Release|Any CPU
		{1BB077EF-5A80-4E7F-9340-614E9B3DDC6D}.Debug|Any CPU.ActiveCfg = Debug|Any CPU
		{1BB077EF-5A80-4E7F-9340-614E9B3DDC6D}.Debug|Any CPU.Build.0 = Debug|Any CPU
		{1BB077EF-5A80-4E7F-9340-614E9B3DDC6D}.Debug|x64.ActiveCfg = Debug|Any CPU
		{1BB077EF-5A80-4E7F-9340-614E9B3DDC6D}.Debug|x64.Build.0 = Debug|Any CPU
		{1BB077EF-5A80-4E7F-9340-614E9B3DDC6D}.Debug|x86.ActiveCfg = Debug|Any CPU
		{1BB077EF-5A80-4E7F-9340-614E9B3DDC6D}.Debug|x86.Build.0 = Debug|Any CPU
		{1BB077EF-5A80-4E7F-9340-614E9B3DDC6D}.Release|Any CPU.ActiveCfg = Release|Any CPU
		{1BB077EF-5A80-4E7F-9340-614E9B3DDC6D}.Release|Any CPU.Build.0 = Release|Any CPU
		{1BB077EF-5A80-4E7F-9340-614E9B3DDC6D}.Release|x64.ActiveCfg = Release|Any CPU
		{1BB077EF-5A80-4E7F-9340-614E9B3DDC6D}.Release|x64.Build.0 = Release|Any CPU
		{1BB077EF-5A80-4E7F-9340-614E9B3DDC6D}.Release|x86.ActiveCfg = Release|Any CPU
		{1BB077EF-5A80-4E7F-9340-614E9B3DDC6D}.Release|x86.Build.0 = Release|Any CPU
		{47AD1A5D-95AB-47B9-A709-573AD18095F1}.Debug|Any CPU.ActiveCfg = Debug|Any CPU
		{47AD1A5D-95AB-47B9-A709-573AD18095F1}.Debug|Any CPU.Build.0 = Debug|Any CPU
		{47AD1A5D-95AB-47B9-A709-573AD18095F1}.Debug|x64.ActiveCfg = Debug|Any CPU
		{47AD1A5D-95AB-47B9-A709-573AD18095F1}.Debug|x64.Build.0 = Debug|Any CPU
		{47AD1A5D-95AB-47B9-A709-573AD18095F1}.Debug|x86.ActiveCfg = Debug|Any CPU
		{47AD1A5D-95AB-47B9-A709-573AD18095F1}.Debug|x86.Build.0 = Debug|Any CPU
		{47AD1A5D-95AB-47B9-A709-573AD18095F1}.Release|Any CPU.ActiveCfg = Release|Any CPU
		{47AD1A5D-95AB-47B9-A709-573AD18095F1}.Release|Any CPU.Build.0 = Release|Any CPU
		{47AD1A5D-95AB-47B9-A709-573AD18095F1}.Release|x64.ActiveCfg = Release|Any CPU
		{47AD1A5D-95AB-47B9-A709-573AD18095F1}.Release|x64.Build.0 = Release|Any CPU
		{47AD1A5D-95AB-47B9-A709-573AD18095F1}.Release|x86.ActiveCfg = Release|Any CPU
		{47AD1A5D-95AB-47B9-A709-573AD18095F1}.Release|x86.Build.0 = Release|Any CPU
		{B6F98929-00B8-4985-86AA-3A45E342C7BC}.Debug|Any CPU.ActiveCfg = Debug|Any CPU
		{B6F98929-00B8-4985-86AA-3A45E342C7BC}.Debug|Any CPU.Build.0 = Debug|Any CPU
		{B6F98929-00B8-4985-86AA-3A45E342C7BC}.Debug|x64.ActiveCfg = Debug|Any CPU
		{B6F98929-00B8-4985-86AA-3A45E342C7BC}.Debug|x64.Build.0 = Debug|Any CPU
		{B6F98929-00B8-4985-86AA-3A45E342C7BC}.Debug|x86.ActiveCfg = Debug|Any CPU
		{B6F98929-00B8-4985-86AA-3A45E342C7BC}.Debug|x86.Build.0 = Debug|Any CPU
		{B6F98929-00B8-4985-86AA-3A45E342C7BC}.Release|Any CPU.ActiveCfg = Release|Any CPU
		{B6F98929-00B8-4985-86AA-3A45E342C7BC}.Release|Any CPU.Build.0 = Release|Any CPU
		{B6F98929-00B8-4985-86AA-3A45E342C7BC}.Release|x64.ActiveCfg = Release|Any CPU
		{B6F98929-00B8-4985-86AA-3A45E342C7BC}.Release|x64.Build.0 = Release|Any CPU
		{B6F98929-00B8-4985-86AA-3A45E342C7BC}.Release|x86.ActiveCfg = Release|Any CPU
		{B6F98929-00B8-4985-86AA-3A45E342C7BC}.Release|x86.Build.0 = Release|Any CPU
		{F9EAA36B-1A5E-459D-9DC8-8937886695DB}.Debug|Any CPU.ActiveCfg = Debug|Any CPU
		{F9EAA36B-1A5E-459D-9DC8-8937886695DB}.Debug|Any CPU.Build.0 = Debug|Any CPU
		{F9EAA36B-1A5E-459D-9DC8-8937886695DB}.Debug|x64.ActiveCfg = Debug|Any CPU
		{F9EAA36B-1A5E-459D-9DC8-8937886695DB}.Debug|x64.Build.0 = Debug|Any CPU
		{F9EAA36B-1A5E-459D-9DC8-8937886695DB}.Debug|x86.ActiveCfg = Debug|Any CPU
		{F9EAA36B-1A5E-459D-9DC8-8937886695DB}.Debug|x86.Build.0 = Debug|Any CPU
		{F9EAA36B-1A5E-459D-9DC8-8937886695DB}.Release|Any CPU.ActiveCfg = Release|Any CPU
		{F9EAA36B-1A5E-459D-9DC8-8937886695DB}.Release|Any CPU.Build.0 = Release|Any CPU
		{F9EAA36B-1A5E-459D-9DC8-8937886695DB}.Release|x64.ActiveCfg = Release|Any CPU
		{F9EAA36B-1A5E-459D-9DC8-8937886695DB}.Release|x64.Build.0 = Release|Any CPU
		{F9EAA36B-1A5E-459D-9DC8-8937886695DB}.Release|x86.ActiveCfg = Release|Any CPU
		{F9EAA36B-1A5E-459D-9DC8-8937886695DB}.Release|x86.Build.0 = Release|Any CPU
		{A3411DEB-692B-4416-BBFE-9D4F7DC080E1}.Debug|Any CPU.ActiveCfg = Debug|Any CPU
		{A3411DEB-692B-4416-BBFE-9D4F7DC080E1}.Debug|Any CPU.Build.0 = Debug|Any CPU
		{A3411DEB-692B-4416-BBFE-9D4F7DC080E1}.Debug|x64.ActiveCfg = Debug|Any CPU
		{A3411DEB-692B-4416-BBFE-9D4F7DC080E1}.Debug|x64.Build.0 = Debug|Any CPU
		{A3411DEB-692B-4416-BBFE-9D4F7DC080E1}.Debug|x86.ActiveCfg = Debug|Any CPU
		{A3411DEB-692B-4416-BBFE-9D4F7DC080E1}.Debug|x86.Build.0 = Debug|Any CPU
		{A3411DEB-692B-4416-BBFE-9D4F7DC080E1}.Release|Any CPU.ActiveCfg = Release|Any CPU
		{A3411DEB-692B-4416-BBFE-9D4F7DC080E1}.Release|Any CPU.Build.0 = Release|Any CPU
		{A3411DEB-692B-4416-BBFE-9D4F7DC080E1}.Release|x64.ActiveCfg = Release|Any CPU
		{A3411DEB-692B-4416-BBFE-9D4F7DC080E1}.Release|x64.Build.0 = Release|Any CPU
		{A3411DEB-692B-4416-BBFE-9D4F7DC080E1}.Release|x86.ActiveCfg = Release|Any CPU
		{A3411DEB-692B-4416-BBFE-9D4F7DC080E1}.Release|x86.Build.0 = Release|Any CPU
		{B7982FF8-6019-4016-95C3-16992FA6F4CB}.Debug|Any CPU.ActiveCfg = Debug|Any CPU
		{B7982FF8-6019-4016-95C3-16992FA6F4CB}.Debug|Any CPU.Build.0 = Debug|Any CPU
		{B7982FF8-6019-4016-95C3-16992FA6F4CB}.Debug|x64.ActiveCfg = Debug|Any CPU
		{B7982FF8-6019-4016-95C3-16992FA6F4CB}.Debug|x64.Build.0 = Debug|Any CPU
		{B7982FF8-6019-4016-95C3-16992FA6F4CB}.Debug|x86.ActiveCfg = Debug|Any CPU
		{B7982FF8-6019-4016-95C3-16992FA6F4CB}.Debug|x86.Build.0 = Debug|Any CPU
		{B7982FF8-6019-4016-95C3-16992FA6F4CB}.Release|Any CPU.ActiveCfg = Release|Any CPU
		{B7982FF8-6019-4016-95C3-16992FA6F4CB}.Release|Any CPU.Build.0 = Release|Any CPU
		{B7982FF8-6019-4016-95C3-16992FA6F4CB}.Release|x64.ActiveCfg = Release|Any CPU
		{B7982FF8-6019-4016-95C3-16992FA6F4CB}.Release|x64.Build.0 = Release|Any CPU
		{B7982FF8-6019-4016-95C3-16992FA6F4CB}.Release|x86.ActiveCfg = Release|Any CPU
		{B7982FF8-6019-4016-95C3-16992FA6F4CB}.Release|x86.Build.0 = Release|Any CPU
		{037AF867-4885-42FD-A98A-7EC62444C510}.Debug|Any CPU.ActiveCfg = Debug|Any CPU
		{037AF867-4885-42FD-A98A-7EC62444C510}.Debug|Any CPU.Build.0 = Debug|Any CPU
		{037AF867-4885-42FD-A98A-7EC62444C510}.Debug|x64.ActiveCfg = Debug|Any CPU
		{037AF867-4885-42FD-A98A-7EC62444C510}.Debug|x64.Build.0 = Debug|Any CPU
		{037AF867-4885-42FD-A98A-7EC62444C510}.Debug|x86.ActiveCfg = Debug|Any CPU
		{037AF867-4885-42FD-A98A-7EC62444C510}.Debug|x86.Build.0 = Debug|Any CPU
		{037AF867-4885-42FD-A98A-7EC62444C510}.Release|Any CPU.ActiveCfg = Release|Any CPU
		{037AF867-4885-42FD-A98A-7EC62444C510}.Release|Any CPU.Build.0 = Release|Any CPU
		{037AF867-4885-42FD-A98A-7EC62444C510}.Release|x64.ActiveCfg = Release|Any CPU
		{037AF867-4885-42FD-A98A-7EC62444C510}.Release|x64.Build.0 = Release|Any CPU
		{037AF867-4885-42FD-A98A-7EC62444C510}.Release|x86.ActiveCfg = Release|Any CPU
		{037AF867-4885-42FD-A98A-7EC62444C510}.Release|x86.Build.0 = Release|Any CPU
		{8ACAD48E-CF2B-404C-B6D9-6BF925E2F3AC}.Debug|Any CPU.ActiveCfg = Debug|Any CPU
		{8ACAD48E-CF2B-404C-B6D9-6BF925E2F3AC}.Debug|Any CPU.Build.0 = Debug|Any CPU
		{8ACAD48E-CF2B-404C-B6D9-6BF925E2F3AC}.Debug|x64.ActiveCfg = Debug|Any CPU
		{8ACAD48E-CF2B-404C-B6D9-6BF925E2F3AC}.Debug|x64.Build.0 = Debug|Any CPU
		{8ACAD48E-CF2B-404C-B6D9-6BF925E2F3AC}.Debug|x86.ActiveCfg = Debug|Any CPU
		{8ACAD48E-CF2B-404C-B6D9-6BF925E2F3AC}.Debug|x86.Build.0 = Debug|Any CPU
		{8ACAD48E-CF2B-404C-B6D9-6BF925E2F3AC}.Release|Any CPU.ActiveCfg = Release|Any CPU
		{8ACAD48E-CF2B-404C-B6D9-6BF925E2F3AC}.Release|Any CPU.Build.0 = Release|Any CPU
		{8ACAD48E-CF2B-404C-B6D9-6BF925E2F3AC}.Release|x64.ActiveCfg = Release|Any CPU
		{8ACAD48E-CF2B-404C-B6D9-6BF925E2F3AC}.Release|x64.Build.0 = Release|Any CPU
		{8ACAD48E-CF2B-404C-B6D9-6BF925E2F3AC}.Release|x86.ActiveCfg = Release|Any CPU
		{8ACAD48E-CF2B-404C-B6D9-6BF925E2F3AC}.Release|x86.Build.0 = Release|Any CPU
	EndGlobalSection
	GlobalSection(SolutionProperties) = preSolution
		HideSolutionNode = FALSE
	EndGlobalSection
	GlobalSection(NestedProjects) = preSolution
		{4BC4A37D-A8F3-4179-8DEF-F25E4B08E15F} = {827E0CD3-B72D-47B6-A68D-7590B98EB39B}
		{8FB15B7A-1BCB-4DE2-BF55-9B78C48F9CA9} = {827E0CD3-B72D-47B6-A68D-7590B98EB39B}
		{1FB33699-97AA-4F16-B682-2CB635AB03AC} = {827E0CD3-B72D-47B6-A68D-7590B98EB39B}
		{D9324815-FF4D-4A72-9EE3-29C13C206E31} = {827E0CD3-B72D-47B6-A68D-7590B98EB39B}
		{1D632FE3-00D5-4C0A-8729-702A6D270EE9} = {827E0CD3-B72D-47B6-A68D-7590B98EB39B}
		{71DE4B8F-1164-4077-8AA8-FD1CA756D14C} = {827E0CD3-B72D-47B6-A68D-7590B98EB39B}
		{1BB077EF-5A80-4E7F-9340-614E9B3DDC6D} = {827E0CD3-B72D-47B6-A68D-7590B98EB39B}
		{47AD1A5D-95AB-47B9-A709-573AD18095F1} = {827E0CD3-B72D-47B6-A68D-7590B98EB39B}
		{B6F98929-00B8-4985-86AA-3A45E342C7BC} = {827E0CD3-B72D-47B6-A68D-7590B98EB39B}
		{F9EAA36B-1A5E-459D-9DC8-8937886695DB} = {0C88DD14-F956-CE84-757C-A364CCF449FC}
		{A3411DEB-692B-4416-BBFE-9D4F7DC080E1} = {0C88DD14-F956-CE84-757C-A364CCF449FC}
		{B7982FF8-6019-4016-95C3-16992FA6F4CB} = {0C88DD14-F956-CE84-757C-A364CCF449FC}
		{037AF867-4885-42FD-A98A-7EC62444C510} = {0C88DD14-F956-CE84-757C-A364CCF449FC}
		{8ACAD48E-CF2B-404C-B6D9-6BF925E2F3AC} = {0C88DD14-F956-CE84-757C-A364CCF449FC}
	EndGlobalSection
EndGlobal
